
Microsoft Visual Studio Solution File, Format Version 12.00
# Visual Studio Version 17
VisualStudioVersion = 17.6.33829.357
MinimumVisualStudioVersion = 10.0.40219.1
Project("{FAE04EC0-301F-11D3-BF4B-00C04F79EFBC}") = "HotelManagementSystem", "HotelManagementSystem\HotelManagementSystem.csproj", "{5256C615-157C-4EE5-9800-6096D4520D4D}"
EndProject
Global
	GlobalSection(SolutionConfigurationPlatforms) = preSolution
		Debug|Any CPU = Debug|Any CPU
		Release|Any CPU = Release|Any CPU
	EndGlobalSection
	GlobalSection(ProjectConfigurationPlatforms) = postSolution
		{5256C615-157C-4EE5-9800-6096D4520D4D}.Debug|Any CPU.ActiveCfg = Debug|Any CPU
		{5256C615-157C-4EE5-9800-6096D4520D4D}.Debug|Any CPU.Build.0 = Debug|Any CPU
		{5256C615-157C-4EE5-9800-6096D4520D4D}.Release|Any CPU.ActiveCfg = Release|Any CPU
		{5256C615-157C-4EE5-9800-6096D4520D4D}.Release|Any CPU.Build.0 = Release|Any CPU
	EndGlobalSection
	GlobalSection(SolutionProperties) = preSolution
		HideSolutionNode = FALSE
	EndGlobalSection
	GlobalSection(ExtensibilityGlobals) = postSolution
		SolutionGuid = {32A36ECE-1BB8-4247-B9B7-31C13234A876}
	EndGlobalSection
EndGlobal
